
Microsoft Visual Studio Solution File, Format Version 11.00
# Visual Studio 2010
Project("{8BC9CEB8-8B4A-11D0-8D11-00A0C91BC942}") = "Hello-world", "Hello-world\Hello-world.vcxproj", "{BA20D747-977D-4FF0-9F3C-0425091B8496}"
EndProject
Global
	GlobalSection(SolutionConfigurationPlatforms) = preSolution
		Debug|Win32 = Debug|Win32
		Release|Win32 = Release|Win32
	EndGlobalSection
	GlobalSection(ProjectConfigurationPlatforms) = postSolution
		{BA20D747-977D-4FF0-9F3C-0425091B8496}.Debug|Win32.ActiveCfg = Debug|Win32
		{BA20D747-977D-4FF0-9F3C-0425091B8496}.Debug|Win32.Build.0 = Debug|Win32
		{BA20D747-977D-4FF0-9F3C-0425091B8496}.Release|Win32.ActiveCfg = Release|Win32
		{BA20D747-977D-4FF0-9F3C-0425091B8496}.Release|Win32.Build.0 = Release|Win32
	EndGlobalSection
	GlobalSection(SolutionProperties) = preSolution
		HideSolutionNode = FALSE
	EndGlobalSection
EndGlobal
