
Microsoft Visual Studio Solution File, Format Version 11.00
# Visual Studio 2010
Project("{8BC9CEB8-8B4A-11D0-8D11-00A0C91BC942}") = "Winter2014Lab3", "Winter2014Lab3\Winter2014Lab3.vcxproj", "{6DDAABE7-7739-495F-80DA-640642E87503}"
EndProject
Global
	GlobalSection(SolutionConfigurationPlatforms) = preSolution
		Debug|Win32 = Debug|Win32
		Release|Win32 = Release|Win32
	EndGlobalSection
	GlobalSection(ProjectConfigurationPlatforms) = postSolution
		{6DDAABE7-7739-495F-80DA-640642E87503}.Debug|Win32.ActiveCfg = Debug|Win32
		{6DDAABE7-7739-495F-80DA-640642E87503}.Debug|Win32.Build.0 = Debug|Win32
		{6DDAABE7-7739-495F-80DA-640642E87503}.Release|Win32.ActiveCfg = Release|Win32
		{6DDAABE7-7739-495F-80DA-640642E87503}.Release|Win32.Build.0 = Release|Win32
	EndGlobalSection
	GlobalSection(SolutionProperties) = preSolution
		HideSolutionNode = FALSE
	EndGlobalSection
EndGlobal
