
Microsoft Visual Studio Solution File, Format Version 11.00
# Visual Studio 2010
Project("{8BC9CEB8-8B4A-11D0-8D11-00A0C91BC942}") = "Midterm 2", "Midterm 2\Midterm 2.vcxproj", "{7016B628-AE93-437A-8012-5FA877997968}"
EndProject
Global
	GlobalSection(SolutionConfigurationPlatforms) = preSolution
		Debug|Win32 = Debug|Win32
		Release|Win32 = Release|Win32
	EndGlobalSection
	GlobalSection(ProjectConfigurationPlatforms) = postSolution
		{7016B628-AE93-437A-8012-5FA877997968}.Debug|Win32.ActiveCfg = Debug|Win32
		{7016B628-AE93-437A-8012-5FA877997968}.Debug|Win32.Build.0 = Debug|Win32
		{7016B628-AE93-437A-8012-5FA877997968}.Release|Win32.ActiveCfg = Release|Win32
		{7016B628-AE93-437A-8012-5FA877997968}.Release|Win32.Build.0 = Release|Win32
	EndGlobalSection
	GlobalSection(SolutionProperties) = preSolution
		HideSolutionNode = FALSE
	EndGlobalSection
EndGlobal
